
Microsoft Visual Studio Solution File, Format Version 12.00
# Visual Studio Version 16
VisualStudioVersion = 16.0.31729.503
MinimumVisualStudioVersion = 10.0.40219.1
Project("{FAE04EC0-301F-11D3-BF4B-00C04F79EFBC}") = "HR.Department.WebMvc", "HR.Department.WebMvc\HR.Department.WebMvc.csproj", "{5634A1D9-404B-4941-A599-2B8DB7F722CD}"
EndProject
Global
	GlobalSection(SolutionConfigurationPlatforms) = preSolution
		Debug|Any CPU = Debug|Any CPU
		Release|Any CPU = Release|Any CPU
	EndGlobalSection
	GlobalSection(ProjectConfigurationPlatforms) = postSolution
		{5634A1D9-404B-4941-A599-2B8DB7F722CD}.Debug|Any CPU.ActiveCfg = Debug|Any CPU
		{5634A1D9-404B-4941-A599-2B8DB7F722CD}.Debug|Any CPU.Build.0 = Debug|Any CPU
		{5634A1D9-404B-4941-A599-2B8DB7F722CD}.Release|Any CPU.ActiveCfg = Release|Any CPU
		{5634A1D9-404B-4941-A599-2B8DB7F722CD}.Release|Any CPU.Build.0 = Release|Any CPU
	EndGlobalSection
	GlobalSection(SolutionProperties) = preSolution
		HideSolutionNode = FALSE
	EndGlobalSection
	GlobalSection(ExtensibilityGlobals) = postSolution
		SolutionGuid = {5B62EA35-D08F-44AD-8262-DA9F8FD65367}
	EndGlobalSection
EndGlobal
